
Microsoft Visual Studio Solution File, Format Version 12.00
# Visual Studio Version 16
VisualStudioVersion = 16.0.31605.320
MinimumVisualStudioVersion = 10.0.40219.1
Project("{FAE04EC0-301F-11D3-BF4B-00C04F79EFBC}") = "CifradoaFinAndresCediel", "CifradoaFinAndresCediel\CifradoaFinAndresCediel.csproj", "{616D49CA-20C1-49DD-8C17-0F4A5B4AD86C}"
EndProject
Global
	GlobalSection(SolutionConfigurationPlatforms) = preSolution
		Debug|Any CPU = Debug|Any CPU
		Release|Any CPU = Release|Any CPU
	EndGlobalSection
	GlobalSection(ProjectConfigurationPlatforms) = postSolution
		{616D49CA-20C1-49DD-8C17-0F4A5B4AD86C}.Debug|Any CPU.ActiveCfg = Debug|Any CPU
		{616D49CA-20C1-49DD-8C17-0F4A5B4AD86C}.Debug|Any CPU.Build.0 = Debug|Any CPU
		{616D49CA-20C1-49DD-8C17-0F4A5B4AD86C}.Release|Any CPU.ActiveCfg = Release|Any CPU
		{616D49CA-20C1-49DD-8C17-0F4A5B4AD86C}.Release|Any CPU.Build.0 = Release|Any CPU
	EndGlobalSection
	GlobalSection(SolutionProperties) = preSolution
		HideSolutionNode = FALSE
	EndGlobalSection
	GlobalSection(ExtensibilityGlobals) = postSolution
		SolutionGuid = {10853133-F59F-4074-91F9-0E01EA1872D8}
	EndGlobalSection
EndGlobal
